
Microsoft Visual Studio Solution File, Format Version 12.00
# Visual Studio Version 17
VisualStudioVersion = 17.7.34024.191
MinimumVisualStudioVersion = 10.0.40219.1
Project("{FAE04EC0-301F-11D3-BF4B-00C04F79EFBC}") = "Multithread", "Multithread.csproj", "{49621155-ABFE-4422-B0B1-A35F22253B05}"
EndProject
Global
	GlobalSection(SolutionConfigurationPlatforms) = preSolution
		Debug|Any CPU = Debug|Any CPU
		Release|Any CPU = Release|Any CPU
	EndGlobalSection
	GlobalSection(ProjectConfigurationPlatforms) = postSolution
		{49621155-ABFE-4422-B0B1-A35F22253B05}.Debug|Any CPU.ActiveCfg = Debug|Any CPU
		{49621155-ABFE-4422-B0B1-A35F22253B05}.Debug|Any CPU.Build.0 = Debug|Any CPU
		{49621155-ABFE-4422-B0B1-A35F22253B05}.Release|Any CPU.ActiveCfg = Release|Any CPU
		{49621155-ABFE-4422-B0B1-A35F22253B05}.Release|Any CPU.Build.0 = Release|Any CPU
	EndGlobalSection
	GlobalSection(SolutionProperties) = preSolution
		HideSolutionNode = FALSE
	EndGlobalSection
	GlobalSection(ExtensibilityGlobals) = postSolution
		SolutionGuid = {0D2DEFAC-DACC-451A-A4F2-3E81692BBE90}
	EndGlobalSection
EndGlobal
